
Microsoft Visual Studio Solution File, Format Version 12.00
# Visual Studio Version 17
VisualStudioVersion = 17.8.34309.116
MinimumVisualStudioVersion = 10.0.40219.1
Project("{FAE04EC0-301F-11D3-BF4B-00C04F79EFBC}") = "LeaveManegement.Web", "LeaveManegement.Web\LeaveManegement.Web.csproj", "{88C2D166-6D0F-48D6-8679-297867ECCC15}"
EndProject
Global
	GlobalSection(SolutionConfigurationPlatforms) = preSolution
		Debug|Any CPU = Debug|Any CPU
		Release|Any CPU = Release|Any CPU
	EndGlobalSection
	GlobalSection(ProjectConfigurationPlatforms) = postSolution
		{88C2D166-6D0F-48D6-8679-297867ECCC15}.Debug|Any CPU.ActiveCfg = Debug|Any CPU
		{88C2D166-6D0F-48D6-8679-297867ECCC15}.Debug|Any CPU.Build.0 = Debug|Any CPU
		{88C2D166-6D0F-48D6-8679-297867ECCC15}.Release|Any CPU.ActiveCfg = Release|Any CPU
		{88C2D166-6D0F-48D6-8679-297867ECCC15}.Release|Any CPU.Build.0 = Release|Any CPU
	EndGlobalSection
	GlobalSection(SolutionProperties) = preSolution
		HideSolutionNode = FALSE
	EndGlobalSection
	GlobalSection(ExtensibilityGlobals) = postSolution
		SolutionGuid = {B1A641A9-2E2E-43B8-BFD2-752BD861839D}
	EndGlobalSection
EndGlobal
